{
  "nodes": {
    "fenix": {
      "inputs": {
        "nixpkgs": [
          "nixpkgs"
        ],
        "rust-analyzer-src": "rust-analyzer-src"
      },
      "locked": {
        "lastModified": 1675837392,
        "narHash": "sha256-+QAYahdgiAKehHnWxRp/Nz+uUzydDBMoaIuU4YpbOpQ=",
        "owner": "nix-community",
        "repo": "fenix",
        "rev": "9d9adba756844591b170db22412059bfe1e4ca87",
        "type": "github"
      },
      "original": {
        "owner": "nix-community",
        "repo": "fenix",
        "type": "github"
      }
    },
    "figsoda-pkgs": {
      "inputs": {
        "nixpkgs": [
          "nixpkgs"
        ],
        "rust-templates": "rust-templates",
        "ymdl": "ymdl"
      },
      "locked": {
        "lastModified": 1675775564,
        "narHash": "sha256-RNc0v/i9qDkOBtG5uuPZ0F+Nt1HO+Pkr2COqYs722W4=",
        "owner": "figsoda",
        "repo": "pkgs",
        "rev": "0fbfe328ed6bc438a92bf2e3ea449373380abd5f",
        "type": "github"
      },
      "original": {
        "owner": "figsoda",
        "repo": "pkgs",
        "type": "github"
      }
    },
    "nixos-hardware": {
      "locked": {
        "lastModified": 1675785029,
        "narHash": "sha256-EoD3Wgqc0XWkBCwUrAxCIZett64jN/SEPPpXX2mCmrE=",
        "owner": "nixos",
        "repo": "nixos-hardware",
        "rev": "16b6928ec622fd2356a80c0a9359eb350a94227d",
        "type": "github"
      },
      "original": {
        "owner": "nixos",
        "repo": "nixos-hardware",
        "type": "github"
      }
    },
    "nixpkgs": {
      "locked": {
        "lastModified": 1675673983,
        "narHash": "sha256-8hzNh1jtiPxL5r3ICNzSmpSzV7kGb3KwX+FS5BWJUTo=",
        "owner": "nixos",
        "repo": "nixpkgs",
        "rev": "5a350a8f31bb7ef0c6e79aea3795a890cf7743d4",
        "type": "github"
      },
      "original": {
        "owner": "nixos",
        "ref": "nixos-unstable",
        "repo": "nixpkgs",
        "type": "github"
      }
    },
    "root": {
      "inputs": {
        "fenix": "fenix",
        "figsoda-pkgs": "figsoda-pkgs",
        "nixos-hardware": "nixos-hardware",
        "nixpkgs": "nixpkgs"
      }
    },
    "rust-analyzer-src": {
      "flake": false,
      "locked": {
        "lastModified": 1675790731,
        "narHash": "sha256-2Va2m+9GL+VTP2IRXVgxGmLG1JDFW/5osxqJeEBfISs=",
        "owner": "rust-lang",
        "repo": "rust-analyzer",
        "rev": "7f1234492e3164f9688027278df7e915bc1d919c",
        "type": "github"
      },
      "original": {
        "owner": "rust-lang",
        "ref": "nightly",
        "repo": "rust-analyzer",
        "type": "github"
      }
    },
    "rust-templates": {
      "flake": false,
      "locked": {
        "lastModified": 1671825627,
        "narHash": "sha256-rqCm8nHfTHPZaxh7d4X8hfuZbAfV+2/MrhC3yLQ/IQ0=",
        "owner": "figsoda",
        "repo": "rust-templates",
        "rev": "cb561b85659c32e5c711b03906b8a11d945ca69f",
        "type": "github"
      },
      "original": {
        "owner": "figsoda",
        "repo": "rust-templates",
        "type": "github"
      }
    },
    "ymdl": {
      "flake": false,
      "locked": {
        "lastModified": 1631585381,
        "narHash": "sha256-7XVq+xsPx51LtTeF1yHm8+GO3H8LCzSiwzmbEhyJ81w=",
        "owner": "figsoda",
        "repo": "ymdl",
        "rev": "7c587526ab07e791e4aa9bae51e87af861eeaf10",
        "type": "github"
      },
      "original": {
        "owner": "figsoda",
        "repo": "ymdl",
        "type": "github"
      }
    }
  },
  "root": "root",
  "version": 7
}
