{
  "nodes": {
    "fenix": {
      "inputs": {
        "nixpkgs": [
          "nixpkgs"
        ],
        "rust-analyzer-src": "rust-analyzer-src"
      },
      "locked": {
        "lastModified": 1655706580,
        "narHash": "sha256-7DshIT1Ya5W9NAW7UdnYCHsGmXfOXJZCEHbbB/cCX7g=",
        "owner": "nix-community",
        "repo": "fenix",
        "rev": "d895003d8e03ac2fc8ffe2aa898299cbef1a7048",
        "type": "github"
      },
      "original": {
        "owner": "nix-community",
        "repo": "fenix",
        "type": "github"
      }
    },
    "figsoda-pkgs": {
      "inputs": {
        "nixpkgs": [
          "nixpkgs"
        ],
        "rust-templates": "rust-templates",
        "ymdl": "ymdl"
      },
      "locked": {
        "lastModified": 1655972014,
        "narHash": "sha256-+3HMTDmqvWwmKJfjqeItTQll+WM4w1PhHMg01sfGe+g=",
        "owner": "figsoda",
        "repo": "nix-packages",
        "rev": "1652072c02b253902437c6008f4ee67882349876",
        "type": "github"
      },
      "original": {
        "owner": "figsoda",
        "repo": "nix-packages",
        "type": "github"
      }
    },
    "flake-compat": {
      "flake": false,
      "locked": {
        "lastModified": 1650374568,
        "narHash": "sha256-Z+s0J8/r907g149rllvwhb4pKi8Wam5ij0st8PwAh+E=",
        "owner": "edolstra",
        "repo": "flake-compat",
        "rev": "b4a34015c698c7793d592d66adbab377907a2be8",
        "type": "github"
      },
      "original": {
        "owner": "edolstra",
        "repo": "flake-compat",
        "type": "github"
      }
    },
    "naersk": {
      "inputs": {
        "nixpkgs": [
          "nixpkgs-hammering",
          "nixpkgs"
        ]
      },
      "locked": {
        "lastModified": 1651574473,
        "narHash": "sha256-wQhFORvRjo8LB2hTmETmv6cbyKGDPbfWqvZ/0chnDE4=",
        "owner": "nmattia",
        "repo": "naersk",
        "rev": "f21309b38e1da0d61b881b6b6d41b81c1aed4e1d",
        "type": "github"
      },
      "original": {
        "owner": "nmattia",
        "repo": "naersk",
        "type": "github"
      }
    },
    "nixos-hardware": {
      "locked": {
        "lastModified": 1655789751,
        "narHash": "sha256-DbL2gn7YwkuX10OdlWfZ/A7zEJztwHh9NMeau1JMTdk=",
        "owner": "nixos",
        "repo": "nixos-hardware",
        "rev": "f9d8dff4e621f2d7f2b84d9e84bc6359715f971c",
        "type": "github"
      },
      "original": {
        "owner": "nixos",
        "repo": "nixos-hardware",
        "type": "github"
      }
    },
    "nixpkgs": {
      "locked": {
        "lastModified": 1655983783,
        "narHash": "sha256-0h1FzkYWei24IdKNpCX93onkF/FMiXQG8SdEbTc0r8A=",
        "owner": "nixos",
        "repo": "nixpkgs",
        "rev": "6141b8932a5cf376fe18fcd368cecd9ad946cb68",
        "type": "github"
      },
      "original": {
        "owner": "nixos",
        "ref": "nixos-unstable",
        "repo": "nixpkgs",
        "type": "github"
      }
    },
    "nixpkgs-hammering": {
      "inputs": {
        "flake-compat": "flake-compat",
        "naersk": "naersk",
        "nixpkgs": [
          "nixpkgs"
        ],
        "utils": "utils"
      },
      "locked": {
        "lastModified": 1652312435,
        "narHash": "sha256-5i9OAMRtEKsiKYlZvUlSRJWnN5BIp+nkt5Cld48TN4w=",
        "owner": "jtojnar",
        "repo": "nixpkgs-hammering",
        "rev": "fa0acf3c4e055e90fde1031cf9e5054effbd06e5",
        "type": "github"
      },
      "original": {
        "owner": "jtojnar",
        "repo": "nixpkgs-hammering",
        "type": "github"
      }
    },
    "root": {
      "inputs": {
        "fenix": "fenix",
        "figsoda-pkgs": "figsoda-pkgs",
        "nixos-hardware": "nixos-hardware",
        "nixpkgs": "nixpkgs",
        "nixpkgs-hammering": "nixpkgs-hammering"
      }
    },
    "rust-analyzer-src": {
      "flake": false,
      "locked": {
        "lastModified": 1655654433,
        "narHash": "sha256-auHQ0XPCiaTPSn+R3Yu4J7oZ5Zq/FS5/Da1ivvdYb/Y=",
        "owner": "rust-lang",
        "repo": "rust-analyzer",
        "rev": "427061da19723f2206fe4dcb175c9c43b9a6193d",
        "type": "github"
      },
      "original": {
        "owner": "rust-lang",
        "ref": "nightly",
        "repo": "rust-analyzer",
        "type": "github"
      }
    },
    "rust-templates": {
      "flake": false,
      "locked": {
        "lastModified": 1638896217,
        "narHash": "sha256-KprsIeuWoyx6BHFW+UW+1zO2Co9UPMUwYyo9T2oblT8=",
        "owner": "figsoda",
        "repo": "rust-templates",
        "rev": "c4822a807b078c6307a33f937d2d2d6ab48c4b4d",
        "type": "github"
      },
      "original": {
        "owner": "figsoda",
        "repo": "rust-templates",
        "type": "github"
      }
    },
    "utils": {
      "locked": {
        "lastModified": 1649676176,
        "narHash": "sha256-OWKJratjt2RW151VUlJPRALb7OU2S5s+f0vLj4o1bHM=",
        "owner": "numtide",
        "repo": "flake-utils",
        "rev": "a4b154ebbdc88c8498a5c7b01589addc9e9cb678",
        "type": "github"
      },
      "original": {
        "owner": "numtide",
        "repo": "flake-utils",
        "type": "github"
      }
    },
    "ymdl": {
      "flake": false,
      "locked": {
        "lastModified": 1631585381,
        "narHash": "sha256-7XVq+xsPx51LtTeF1yHm8+GO3H8LCzSiwzmbEhyJ81w=",
        "owner": "figsoda",
        "repo": "ymdl",
        "rev": "7c587526ab07e791e4aa9bae51e87af861eeaf10",
        "type": "github"
      },
      "original": {
        "owner": "figsoda",
        "repo": "ymdl",
        "type": "github"
      }
    }
  },
  "root": "root",
  "version": 7
}
